
Microsoft Visual Studio Solution File, Format Version 12.00
# Visual Studio Version 17
VisualStudioVersion = 17.7.34221.43
MinimumVisualStudioVersion = 10.0.40219.1
Project("{8BC9CEB8-8B4A-11D0-8D11-00A0C91BC942}") = "ASCII_Cave", "ASCII_Cave.vcxproj", "{4561904D-465F-4F9F-8BA1-27AF2BABFB23}"
EndProject
Global
	GlobalSection(SolutionConfigurationPlatforms) = preSolution
		Debug|x64 = Debug|x64
		Debug|x86 = Debug|x86
		Release|x64 = Release|x64
		Release|x86 = Release|x86
	EndGlobalSection
	GlobalSection(ProjectConfigurationPlatforms) = postSolution
		{4561904D-465F-4F9F-8BA1-27AF2BABFB23}.Debug|x64.ActiveCfg = Debug|x64
		{4561904D-465F-4F9F-8BA1-27AF2BABFB23}.Debug|x64.Build.0 = Debug|x64
		{4561904D-465F-4F9F-8BA1-27AF2BABFB23}.Debug|x86.ActiveCfg = Debug|Win32
		{4561904D-465F-4F9F-8BA1-27AF2BABFB23}.Debug|x86.Build.0 = Debug|Win32
		{4561904D-465F-4F9F-8BA1-27AF2BABFB23}.Release|x64.ActiveCfg = Release|x64
		{4561904D-465F-4F9F-8BA1-27AF2BABFB23}.Release|x64.Build.0 = Release|x64
		{4561904D-465F-4F9F-8BA1-27AF2BABFB23}.Release|x86.ActiveCfg = Release|Win32
		{4561904D-465F-4F9F-8BA1-27AF2BABFB23}.Release|x86.Build.0 = Release|Win32
	EndGlobalSection
	GlobalSection(SolutionProperties) = preSolution
		HideSolutionNode = FALSE
	EndGlobalSection
	GlobalSection(ExtensibilityGlobals) = postSolution
		SolutionGuid = {B6C8E10A-7F45-436F-9210-A0ED69DDAA76}
	EndGlobalSection
EndGlobal
